
Microsoft Visual Studio Solution File, Format Version 12.00
# Visual Studio Version 17
VisualStudioVersion = 17.9.34616.47
MinimumVisualStudioVersion = 10.0.40219.1
Project("{FAE04EC0-301F-11D3-BF4B-00C04F79EFBC}") = "CSharpLegacyMigrationMCP", "CSharpLegacyMigrationMCP.csproj", "{10175BB2-B26D-4226-9ABB-FA075057EF9D}"
EndProject
Global
	GlobalSection(SolutionConfigurationPlatforms) = preSolution
		Debug|Any CPU = Debug|Any CPU
		Release|Any CPU = Release|Any CPU
	EndGlobalSection
	GlobalSection(ProjectConfigurationPlatforms) = postSolution
		{10175BB2-B26D-4226-9ABB-FA075057EF9D}.Debug|Any CPU.ActiveCfg = Debug|Any CPU
		{10175BB2-B26D-4226-9ABB-FA075057EF9D}.Debug|Any CPU.Build.0 = Debug|Any CPU
		{10175BB2-B26D-4226-9ABB-FA075057EF9D}.Release|Any CPU.ActiveCfg = Release|Any CPU
		{10175BB2-B26D-4226-9ABB-FA075057EF9D}.Release|Any CPU.Build.0 = Release|Any CPU
	EndGlobalSection
	GlobalSection(SolutionProperties) = preSolution
		HideSolutionNode = FALSE
	EndGlobalSection
	GlobalSection(ExtensibilityGlobals) = postSolution
		SolutionGuid = {9A03837E-C285-428B-8A86-5CD05B6507AD}
	EndGlobalSection
EndGlobal
